
Microsoft Visual Studio Solution File, Format Version 12.00
# Visual Studio Version 17
VisualStudioVersion = 17.5.33516.290
MinimumVisualStudioVersion = 10.0.40219.1
Project("{FAE04EC0-301F-11D3-BF4B-00C04F79EFBC}") = "Vlog", "Vlog\Vlog.csproj", "{BDBDABB1-F227-4425-87DC-E30D77F6D565}"
EndProject
Global
	GlobalSection(SolutionConfigurationPlatforms) = preSolution
		Debug|Any CPU = Debug|Any CPU
		Release|Any CPU = Release|Any CPU
	EndGlobalSection
	GlobalSection(ProjectConfigurationPlatforms) = postSolution
		{BDBDABB1-F227-4425-87DC-E30D77F6D565}.Debug|Any CPU.ActiveCfg = Debug|Any CPU
		{BDBDABB1-F227-4425-87DC-E30D77F6D565}.Debug|Any CPU.Build.0 = Debug|Any CPU
		{BDBDABB1-F227-4425-87DC-E30D77F6D565}.Release|Any CPU.ActiveCfg = Release|Any CPU
		{BDBDABB1-F227-4425-87DC-E30D77F6D565}.Release|Any CPU.Build.0 = Release|Any CPU
	EndGlobalSection
	GlobalSection(SolutionProperties) = preSolution
		HideSolutionNode = FALSE
	EndGlobalSection
	GlobalSection(ExtensibilityGlobals) = postSolution
		SolutionGuid = {F5B705F1-2AD2-4F74-81D5-A2314EB029F1}
	EndGlobalSection
EndGlobal
